{
  "name": "draft-js-import-markdown",
  "version": "1.3.3",
  "lockfileVersion": 1,
  "requires": true,
  "dependencies": {
    "draft-js-import-element": {
      "version": "1.3.3",
      "resolved": "https://registry.npmjs.org/draft-js-import-element/-/draft-js-import-element-1.3.3.tgz",
      "integrity": "sha512-E1hiuWuhM9XmX5QFBzKY0blkuPxz+yuK88R1y/xIfLgJtVyfQOnc8vfkGH6tEPbNtdbIcnKI8aCGfCkqgvt5CA==",
      "requires": {
        "draft-js-utils": "^1.3.3",
        "synthetic-dom": "^1.3.3"
      }
    },
    "draft-js-utils": {
      "version": "1.3.3",
      "resolved": "https://registry.npmjs.org/draft-js-utils/-/draft-js-utils-1.3.3.tgz",
      "integrity": "sha512-ZIF3KE2+dRD6zEoqQyu9HzeG56NWtktfazRnDZFC9GD4NnHgJE5qI+TqGgmjRjSrKzuSQonl5rsx+D4N5m6yhQ=="
    },
    "synthetic-dom": {
      "version": "1.3.3",
      "resolved": "https://registry.npmjs.org/synthetic-dom/-/synthetic-dom-1.3.3.tgz",
      "integrity": "sha512-ILjWWiiHIAYphm+F3w0V+A4a79HHF3ELZc6v7H3/kVzCvoxqHWTySN10M7vUOMpZFeRkwz/LmXsW10eFu79bdQ=="
    }
  }
}
